// !$*UTF8*$!
{
	archiveVersion = 1;
	classes = {
	};
	objectVersion = 77;
	objects = {

/* Begin PBXBuildFile section */
		17177483B9A8E38DD7D384FF /* LanguageReaderApp.swift in Sources */ = {isa = PBXBuildFile; fileRef = CC1865C00F160FD3D14D97BB /* LanguageReaderApp.swift */; };
		44D72F4C2656F66B7F927C4D /* Document.swift in Sources */ = {isa = PBXBuildFile; fileRef = 83574C6CA00EEE79873A7D88 /* Document.swift */; };
		7706B79A70500BD75721204A /* DocumentReaderView.swift in Sources */ = {isa = PBXBuildFile; fileRef = E79B0FDC7AF69C466C687930 /* DocumentReaderView.swift */; };
		79FF35C7E038D8741644E6BE /* ReaderView.swift in Sources */ = {isa = PBXBuildFile; fileRef = 58101E386AAAD669B0E71F82 /* ReaderView.swift */; };
		9935E0C13ACDEB63A5BB507D /* FlashcardsView.swift in Sources */ = {isa = PBXBuildFile; fileRef = AE6E39FEFED6EA0D849AC1EC /* FlashcardsView.swift */; };
		A0CAD107EB38F1325EE13669 /* LanguageReaderTests.swift in Sources */ = {isa = PBXBuildFile; fileRef = A941E9D128F013645480702D /* LanguageReaderTests.swift */; };
		A2FF3916FC53AD54598BF904 /* VocabView.swift in Sources */ = {isa = PBXBuildFile; fileRef = 9623AFD5A1EF3B2081BB7E2E /* VocabView.swift */; };
		E92CE745ADAA648AB60497AE /* ContentView.swift in Sources */ = {isa = PBXBuildFile; fileRef = 4836238FC51DEDA6B4723DFD /* ContentView.swift */; };
		F08370466FE321BD07ECF5F4 /* SettingsView.swift in Sources */ = {isa = PBXBuildFile; fileRef = 1AEAD45CF466E461FA6BDAB3 /* SettingsView.swift */; };
/* End PBXBuildFile section */

/* Begin PBXContainerItemProxy section */
		381317AA9CE53D3BA529BDBA /* PBXContainerItemProxy */ = {
			isa = PBXContainerItemProxy;
			containerPortal = A92925BDA92AD77ECB009C50 /* Project object */;
			proxyType = 1;
			remoteGlobalIDString = 802CC65A2458444D1D01562A;
			remoteInfo = LanguageReader;
		};
/* End PBXContainerItemProxy section */

/* Begin PBXFileReference section */
		1AEAD45CF466E461FA6BDAB3 /* SettingsView.swift */ = {isa = PBXFileReference; lastKnownFileType = sourcecode.swift; path = SettingsView.swift; sourceTree = "<group>"; };
		4836238FC51DEDA6B4723DFD /* ContentView.swift */ = {isa = PBXFileReference; lastKnownFileType = sourcecode.swift; path = ContentView.swift; sourceTree = "<group>"; };
		58101E386AAAD669B0E71F82 /* ReaderView.swift */ = {isa = PBXFileReference; lastKnownFileType = sourcecode.swift; path = ReaderView.swift; sourceTree = "<group>"; };
		83574C6CA00EEE79873A7D88 /* Document.swift */ = {isa = PBXFileReference; lastKnownFileType = sourcecode.swift; path = Document.swift; sourceTree = "<group>"; };
		9623AFD5A1EF3B2081BB7E2E /* VocabView.swift */ = {isa = PBXFileReference; lastKnownFileType = sourcecode.swift; path = VocabView.swift; sourceTree = "<group>"; };
		A941E9D128F013645480702D /* LanguageReaderTests.swift */ = {isa = PBXFileReference; lastKnownFileType = sourcecode.swift; path = LanguageReaderTests.swift; sourceTree = "<group>"; };
		ABA122FEC9E2C7D59D1BE2CA /* LanguageReaderTests.xctest */ = {isa = PBXFileReference; includeInIndex = 0; lastKnownFileType = wrapper.cfbundle; path = LanguageReaderTests.xctest; sourceTree = BUILT_PRODUCTS_DIR; };
		AE2605C6DEC12FFE8CA163E8 /* LanguageReader.app */ = {isa = PBXFileReference; includeInIndex = 0; lastKnownFileType = wrapper.application; path = LanguageReader.app; sourceTree = BUILT_PRODUCTS_DIR; };
		AE6E39FEFED6EA0D849AC1EC /* FlashcardsView.swift */ = {isa = PBXFileReference; lastKnownFileType = sourcecode.swift; path = FlashcardsView.swift; sourceTree = "<group>"; };
		CC1865C00F160FD3D14D97BB /* LanguageReaderApp.swift */ = {isa = PBXFileReference; lastKnownFileType = sourcecode.swift; path = LanguageReaderApp.swift; sourceTree = "<group>"; };
		E79B0FDC7AF69C466C687930 /* DocumentReaderView.swift */ = {isa = PBXFileReference; lastKnownFileType = sourcecode.swift; path = DocumentReaderView.swift; sourceTree = "<group>"; };
/* End PBXFileReference section */

/* Begin PBXGroup section */
		0D42A0CC0299F3160484B6AC = {
			isa = PBXGroup;
			children = (
				CCD9412BC3099440602BCE7A /* LanguageReader */,
				3CA56DAFA4F43118E274C908 /* LanguageReaderTests */,
				3F0FECE7A80FAC2C0355835A /* Products */,
			);
			sourceTree = "<group>";
		};
		3CA56DAFA4F43118E274C908 /* LanguageReaderTests */ = {
			isa = PBXGroup;
			children = (
				A941E9D128F013645480702D /* LanguageReaderTests.swift */,
			);
			path = LanguageReaderTests;
			sourceTree = "<group>";
		};
		3F0FECE7A80FAC2C0355835A /* Products */ = {
			isa = PBXGroup;
			children = (
				AE2605C6DEC12FFE8CA163E8 /* LanguageReader.app */,
				ABA122FEC9E2C7D59D1BE2CA /* LanguageReaderTests.xctest */,
			);
			name = Products;
			sourceTree = "<group>";
		};
		CCD9412BC3099440602BCE7A /* LanguageReader */ = {
			isa = PBXGroup;
			children = (
				4836238FC51DEDA6B4723DFD /* ContentView.swift */,
				83574C6CA00EEE79873A7D88 /* Document.swift */,
				E79B0FDC7AF69C466C687930 /* DocumentReaderView.swift */,
				AE6E39FEFED6EA0D849AC1EC /* FlashcardsView.swift */,
				CC1865C00F160FD3D14D97BB /* LanguageReaderApp.swift */,
				58101E386AAAD669B0E71F82 /* ReaderView.swift */,
				1AEAD45CF466E461FA6BDAB3 /* SettingsView.swift */,
				9623AFD5A1EF3B2081BB7E2E /* VocabView.swift */,
			);
			path = LanguageReader;
			sourceTree = "<group>";
		};
/* End PBXGroup section */

/* Begin PBXNativeTarget section */
		802CC65A2458444D1D01562A /* LanguageReader */ = {
			isa = PBXNativeTarget;
			buildConfigurationList = BEBA93B9444ABC47C8A19AEC /* Build configuration list for PBXNativeTarget "LanguageReader" */;
			buildPhases = (
				7B2C44453CF75BE7398A493B /* Sources */,
			);
			buildRules = (
			);
			dependencies = (
			);
			name = LanguageReader;
			packageProductDependencies = (
			);
			productName = LanguageReader;
			productReference = AE2605C6DEC12FFE8CA163E8 /* LanguageReader.app */;
			productType = "com.apple.product-type.application";
		};
		D0C17FE9381F431E44B36E90 /* LanguageReaderTests */ = {
			isa = PBXNativeTarget;
			buildConfigurationList = C4EAAA1DC21578685BE0E3B8 /* Build configuration list for PBXNativeTarget "LanguageReaderTests" */;
			buildPhases = (
				BDB907AAABC0F7888DDD57AD /* Sources */,
			);
			buildRules = (
			);
			dependencies = (
				313335A358B547071143E75F /* PBXTargetDependency */,
			);
			name = LanguageReaderTests;
			packageProductDependencies = (
			);
			productName = LanguageReaderTests;
			productReference = ABA122FEC9E2C7D59D1BE2CA /* LanguageReaderTests.xctest */;
			productType = "com.apple.product-type.bundle.unit-test";
		};
/* End PBXNativeTarget section */

/* Begin PBXProject section */
		A92925BDA92AD77ECB009C50 /* Project object */ = {
			isa = PBXProject;
			attributes = {
				BuildIndependentTargetsInParallel = YES;
				LastUpgradeCheck = 1430;
			};
			buildConfigurationList = 90D7F22538258E1EE3EABB47 /* Build configuration list for PBXProject "LanguageReader" */;
			compatibilityVersion = "Xcode 14.0";
			developmentRegion = en;
			hasScannedForEncodings = 0;
			knownRegions = (
				Base,
				en,
			);
			mainGroup = 0D42A0CC0299F3160484B6AC;
			minimizedProjectReferenceProxies = 1;
			preferredProjectObjectVersion = 77;
			projectDirPath = "";
			projectRoot = "";
			targets = (
				802CC65A2458444D1D01562A /* LanguageReader */,
				D0C17FE9381F431E44B36E90 /* LanguageReaderTests */,
			);
		};
/* End PBXProject section */

/* Begin PBXSourcesBuildPhase section */
		7B2C44453CF75BE7398A493B /* Sources */ = {
			isa = PBXSourcesBuildPhase;
			buildActionMask = 2147483647;
			files = (
				E92CE745ADAA648AB60497AE /* ContentView.swift in Sources */,
				44D72F4C2656F66B7F927C4D /* Document.swift in Sources */,
				7706B79A70500BD75721204A /* DocumentReaderView.swift in Sources */,
				9935E0C13ACDEB63A5BB507D /* FlashcardsView.swift in Sources */,
				17177483B9A8E38DD7D384FF /* LanguageReaderApp.swift in Sources */,
				79FF35C7E038D8741644E6BE /* ReaderView.swift in Sources */,
				F08370466FE321BD07ECF5F4 /* SettingsView.swift in Sources */,
				A2FF3916FC53AD54598BF904 /* VocabView.swift in Sources */,
			);
			runOnlyForDeploymentPostprocessing = 0;
		};
		BDB907AAABC0F7888DDD57AD /* Sources */ = {
			isa = PBXSourcesBuildPhase;
			buildActionMask = 2147483647;
			files = (
				A0CAD107EB38F1325EE13669 /* LanguageReaderTests.swift in Sources */,
			);
			runOnlyForDeploymentPostprocessing = 0;
		};
/* End PBXSourcesBuildPhase section */

/* Begin PBXTargetDependency section */
		313335A358B547071143E75F /* PBXTargetDependency */ = {
			isa = PBXTargetDependency;
			target = 802CC65A2458444D1D01562A /* LanguageReader */;
			targetProxy = 381317AA9CE53D3BA529BDBA /* PBXContainerItemProxy */;
		};
/* End PBXTargetDependency section */

/* Begin XCBuildConfiguration section */
		2D4211129AB7D6E8D378C401 /* Release */ = {
			isa = XCBuildConfiguration;
			buildSettings = {
				ASSETCATALOG_COMPILER_APPICON_NAME = AppIcon;
				CODE_SIGN_IDENTITY = "iPhone Developer";
				GENERATE_INFOPLIST_FILE = YES;
				INFOPLIST_KEY_CFBundleDisplayName = LanguageReader;
				LD_RUNPATH_SEARCH_PATHS = (
					"$(inherited)",
					"@executable_path/Frameworks",
				);
				PRODUCT_BUNDLE_IDENTIFIER = com.local.LanguageReader;
				SDKROOT = iphoneos;
				TARGETED_DEVICE_FAMILY = "1,2";
			};
			name = Release;
		};
		3D70B627290FA547470D8EA8 /* Release */ = {
			isa = XCBuildConfiguration;
			buildSettings = {
				BUNDLE_LOADER = "$(TEST_HOST)";
				GENERATE_INFOPLIST_FILE = YES;
				LD_RUNPATH_SEARCH_PATHS = (
					"$(inherited)",
					"@executable_path/Frameworks",
					"@loader_path/Frameworks",
				);
				PRODUCT_BUNDLE_IDENTIFIER = com.local.LanguageReaderTests;
				SDKROOT = iphoneos;
				TARGETED_DEVICE_FAMILY = "1,2";
				TEST_HOST = "$(BUILT_PRODUCTS_DIR)/LanguageReader.app/LanguageReader";
			};
			name = Release;
		};
		3F4E4280B974737C5ECA07BB /* Release */ = {
			isa = XCBuildConfiguration;
			buildSettings = {
				ALWAYS_SEARCH_USER_PATHS = NO;
				CLANG_ANALYZER_NONNULL = YES;
				CLANG_ANALYZER_NUMBER_OBJECT_CONVERSION = YES_AGGRESSIVE;
				CLANG_CXX_LANGUAGE_STANDARD = "gnu++14";
				CLANG_CXX_LIBRARY = "libc++";
				CLANG_ENABLE_MODULES = YES;
				CLANG_ENABLE_OBJC_ARC = YES;
				CLANG_ENABLE_OBJC_WEAK = YES;
				CLANG_WARN_BLOCK_CAPTURE_AUTORELEASING = YES;
				CLANG_WARN_BOOL_CONVERSION = YES;
				CLANG_WARN_COMMA = YES;
				CLANG_WARN_CONSTANT_CONVERSION = YES;
				CLANG_WARN_DEPRECATED_OBJC_IMPLEMENTATIONS = YES;
				CLANG_WARN_DIRECT_OBJC_ISA_USAGE = YES_ERROR;
				CLANG_WARN_DOCUMENTATION_COMMENTS = YES;
				CLANG_WARN_EMPTY_BODY = YES;
				CLANG_WARN_ENUM_CONVERSION = YES;
				CLANG_WARN_INFINITE_RECURSION = YES;
				CLANG_WARN_INT_CONVERSION = YES;
				CLANG_WARN_NON_LITERAL_NULL_CONVERSION = YES;
				CLANG_WARN_OBJC_IMPLICIT_RETAIN_SELF = YES;
				CLANG_WARN_OBJC_LITERAL_CONVERSION = YES;
				CLANG_WARN_OBJC_ROOT_CLASS = YES_ERROR;
				CLANG_WARN_QUOTED_INCLUDE_IN_FRAMEWORK_HEADER = YES;
				CLANG_WARN_RANGE_LOOP_ANALYSIS = YES;
				CLANG_WARN_STRICT_PROTOTYPES = YES;
				CLANG_WARN_SUSPICIOUS_MOVE = YES;
				CLANG_WARN_UNGUARDED_AVAILABILITY = YES_AGGRESSIVE;
				CLANG_WARN_UNREACHABLE_CODE = YES;
				CLANG_WARN__DUPLICATE_METHOD_MATCH = YES;
				COPY_PHASE_STRIP = NO;
				CURRENT_PROJECT_VERSION = 1;
				DEBUG_INFORMATION_FORMAT = "dwarf-with-dsym";
				ENABLE_NS_ASSERTIONS = NO;
				ENABLE_STRICT_OBJC_MSGSEND = YES;
				GCC_C_LANGUAGE_STANDARD = gnu11;
				GCC_NO_COMMON_BLOCKS = YES;
				GCC_WARN_64_TO_32_BIT_CONVERSION = YES;
				GCC_WARN_ABOUT_RETURN_TYPE = YES_ERROR;
				GCC_WARN_UNDECLARED_SELECTOR = YES;
				GCC_WARN_UNINITIALIZED_AUTOS = YES_AGGRESSIVE;
				GCC_WARN_UNUSED_FUNCTION = YES;
				GCC_WARN_UNUSED_VARIABLE = YES;
				IPHONEOS_DEPLOYMENT_TARGET = 17.0;
				MARKETING_VERSION = 1.0;
				MTL_ENABLE_DEBUG_INFO = NO;
				MTL_FAST_MATH = YES;
				PRODUCT_NAME = "$(TARGET_NAME)";
				SDKROOT = iphoneos;
				SWIFT_COMPILATION_MODE = wholemodule;
				SWIFT_OPTIMIZATION_LEVEL = "-O";
				SWIFT_VERSION = 5.0;
			};
			name = Release;
		};
		5B5B373C079092D97684542A /* Debug */ = {
			isa = XCBuildConfiguration;
			buildSettings = {
				ASSETCATALOG_COMPILER_APPICON_NAME = AppIcon;
				CODE_SIGN_IDENTITY = "iPhone Developer";
				GENERATE_INFOPLIST_FILE = YES;
				INFOPLIST_KEY_CFBundleDisplayName = LanguageReader;
				LD_RUNPATH_SEARCH_PATHS = (
					"$(inherited)",
					"@executable_path/Frameworks",
				);
				PRODUCT_BUNDLE_IDENTIFIER = com.local.LanguageReader;
				SDKROOT = iphoneos;
				TARGETED_DEVICE_FAMILY = "1,2";
			};
			name = Debug;
		};
		F5ECA30B08FF49B2D2FC3C75 /* Debug */ = {
			isa = XCBuildConfiguration;
			buildSettings = {
				BUNDLE_LOADER = "$(TEST_HOST)";
				GENERATE_INFOPLIST_FILE = YES;
				LD_RUNPATH_SEARCH_PATHS = (
					"$(inherited)",
					"@executable_path/Frameworks",
					"@loader_path/Frameworks",
				);
				PRODUCT_BUNDLE_IDENTIFIER = com.local.LanguageReaderTests;
				SDKROOT = iphoneos;
				TARGETED_DEVICE_FAMILY = "1,2";
				TEST_HOST = "$(BUILT_PRODUCTS_DIR)/LanguageReader.app/LanguageReader";
			};
			name = Debug;
		};
		FB9B3B7CA6E3A07AC47DACF1 /* Debug */ = {
			isa = XCBuildConfiguration;
			buildSettings = {
				ALWAYS_SEARCH_USER_PATHS = NO;
				CLANG_ANALYZER_NONNULL = YES;
				CLANG_ANALYZER_NUMBER_OBJECT_CONVERSION = YES_AGGRESSIVE;
				CLANG_CXX_LANGUAGE_STANDARD = "gnu++14";
				CLANG_CXX_LIBRARY = "libc++";
				CLANG_ENABLE_MODULES = YES;
				CLANG_ENABLE_OBJC_ARC = YES;
				CLANG_ENABLE_OBJC_WEAK = YES;
				CLANG_WARN_BLOCK_CAPTURE_AUTORELEASING = YES;
				CLANG_WARN_BOOL_CONVERSION = YES;
				CLANG_WARN_COMMA = YES;
				CLANG_WARN_CONSTANT_CONVERSION = YES;
				CLANG_WARN_DEPRECATED_OBJC_IMPLEMENTATIONS = YES;
				CLANG_WARN_DIRECT_OBJC_ISA_USAGE = YES_ERROR;
				CLANG_WARN_DOCUMENTATION_COMMENTS = YES;
				CLANG_WARN_EMPTY_BODY = YES;
				CLANG_WARN_ENUM_CONVERSION = YES;
				CLANG_WARN_INFINITE_RECURSION = YES;
				CLANG_WARN_INT_CONVERSION = YES;
				CLANG_WARN_NON_LITERAL_NULL_CONVERSION = YES;
				CLANG_WARN_OBJC_IMPLICIT_RETAIN_SELF = YES;
				CLANG_WARN_OBJC_LITERAL_CONVERSION = YES;
				CLANG_WARN_OBJC_ROOT_CLASS = YES_ERROR;
				CLANG_WARN_QUOTED_INCLUDE_IN_FRAMEWORK_HEADER = YES;
				CLANG_WARN_RANGE_LOOP_ANALYSIS = YES;
				CLANG_WARN_STRICT_PROTOTYPES = YES;
				CLANG_WARN_SUSPICIOUS_MOVE = YES;
				CLANG_WARN_UNGUARDED_AVAILABILITY = YES_AGGRESSIVE;
				CLANG_WARN_UNREACHABLE_CODE = YES;
				CLANG_WARN__DUPLICATE_METHOD_MATCH = YES;
				COPY_PHASE_STRIP = NO;
				CURRENT_PROJECT_VERSION = 1;
				DEBUG_INFORMATION_FORMAT = dwarf;
				ENABLE_STRICT_OBJC_MSGSEND = YES;
				ENABLE_TESTABILITY = YES;
				GCC_C_LANGUAGE_STANDARD = gnu11;
				GCC_DYNAMIC_NO_PIC = NO;
				GCC_NO_COMMON_BLOCKS = YES;
				GCC_OPTIMIZATION_LEVEL = 0;
				GCC_PREPROCESSOR_DEFINITIONS = (
					"$(inherited)",
					"DEBUG=1",
				);
				GCC_WARN_64_TO_32_BIT_CONVERSION = YES;
				GCC_WARN_ABOUT_RETURN_TYPE = YES_ERROR;
				GCC_WARN_UNDECLARED_SELECTOR = YES;
				GCC_WARN_UNINITIALIZED_AUTOS = YES_AGGRESSIVE;
				GCC_WARN_UNUSED_FUNCTION = YES;
				GCC_WARN_UNUSED_VARIABLE = YES;
				IPHONEOS_DEPLOYMENT_TARGET = 17.0;
				MARKETING_VERSION = 1.0;
				MTL_ENABLE_DEBUG_INFO = INCLUDE_SOURCE;
				MTL_FAST_MATH = YES;
				ONLY_ACTIVE_ARCH = YES;
				PRODUCT_NAME = "$(TARGET_NAME)";
				SDKROOT = iphoneos;
				SWIFT_ACTIVE_COMPILATION_CONDITIONS = DEBUG;
				SWIFT_OPTIMIZATION_LEVEL = "-Onone";
				SWIFT_VERSION = 5.0;
			};
			name = Debug;
		};
/* End XCBuildConfiguration section */

/* Begin XCConfigurationList section */
		90D7F22538258E1EE3EABB47 /* Build configuration list for PBXProject "LanguageReader" */ = {
			isa = XCConfigurationList;
			buildConfigurations = (
				FB9B3B7CA6E3A07AC47DACF1 /* Debug */,
				3F4E4280B974737C5ECA07BB /* Release */,
			);
			defaultConfigurationIsVisible = 0;
			defaultConfigurationName = Debug;
		};
		BEBA93B9444ABC47C8A19AEC /* Build configuration list for PBXNativeTarget "LanguageReader" */ = {
			isa = XCConfigurationList;
			buildConfigurations = (
				5B5B373C079092D97684542A /* Debug */,
				2D4211129AB7D6E8D378C401 /* Release */,
			);
			defaultConfigurationIsVisible = 0;
			defaultConfigurationName = Debug;
		};
		C4EAAA1DC21578685BE0E3B8 /* Build configuration list for PBXNativeTarget "LanguageReaderTests" */ = {
			isa = XCConfigurationList;
			buildConfigurations = (
				F5ECA30B08FF49B2D2FC3C75 /* Debug */,
				3D70B627290FA547470D8EA8 /* Release */,
			);
			defaultConfigurationIsVisible = 0;
			defaultConfigurationName = Debug;
		};
/* End XCConfigurationList section */
	};
	rootObject = A92925BDA92AD77ECB009C50 /* Project object */;
}
